
Microsoft Visual Studio Solution File, Format Version 12.00
# Visual Studio Version 17
VisualStudioVersion = 17.0.31919.166
MinimumVisualStudioVersion = 10.0.40219.1
Project("{FAE04EC0-301F-11D3-BF4B-00C04F79EFBC}") = "Spents.Topics", "Spents.Topics\Spents.Topics.csproj", "{AAD41CA4-8817-4C83-AF8C-16A1207E482C}"
EndProject
Global
	GlobalSection(SolutionConfigurationPlatforms) = preSolution
		Debug|Any CPU = Debug|Any CPU
		Release|Any CPU = Release|Any CPU
	EndGlobalSection
	GlobalSection(ProjectConfigurationPlatforms) = postSolution
		{AAD41CA4-8817-4C83-AF8C-16A1207E482C}.Debug|Any CPU.ActiveCfg = Debug|Any CPU
		{AAD41CA4-8817-4C83-AF8C-16A1207E482C}.Debug|Any CPU.Build.0 = Debug|Any CPU
		{AAD41CA4-8817-4C83-AF8C-16A1207E482C}.Release|Any CPU.ActiveCfg = Release|Any CPU
		{AAD41CA4-8817-4C83-AF8C-16A1207E482C}.Release|Any CPU.Build.0 = Release|Any CPU
	EndGlobalSection
	GlobalSection(SolutionProperties) = preSolution
		HideSolutionNode = FALSE
	EndGlobalSection
	GlobalSection(ExtensibilityGlobals) = postSolution
		SolutionGuid = {B7380B5F-CBAB-45F7-B2C7-7413B5F2A5D3}
	EndGlobalSection
EndGlobal
